
Microsoft Visual Studio Solution File, Format Version 12.00
# Visual Studio Version 16
VisualStudioVersion = 16.0.28803.452
MinimumVisualStudioVersion = 10.0.40219.1
Project("{FAE04EC0-301F-11D3-BF4B-00C04F79EFBC}") = "WindowsFormsApp1", "WindowsFormsApp1.csproj", "{76054885-C5CD-4FF9-B6C1-714F2D571129}"
EndProject
Global
	GlobalSection(SolutionConfigurationPlatforms) = preSolution
		Debug|Any CPU = Debug|Any CPU
		Release|Any CPU = Release|Any CPU
	EndGlobalSection
	GlobalSection(ProjectConfigurationPlatforms) = postSolution
		{76054885-C5CD-4FF9-B6C1-714F2D571129}.Debug|Any CPU.ActiveCfg = Debug|Any CPU
		{76054885-C5CD-4FF9-B6C1-714F2D571129}.Debug|Any CPU.Build.0 = Debug|Any CPU
		{76054885-C5CD-4FF9-B6C1-714F2D571129}.Release|Any CPU.ActiveCfg = Release|Any CPU
		{76054885-C5CD-4FF9-B6C1-714F2D571129}.Release|Any CPU.Build.0 = Release|Any CPU
	EndGlobalSection
	GlobalSection(SolutionProperties) = preSolution
		HideSolutionNode = FALSE
	EndGlobalSection
	GlobalSection(ExtensibilityGlobals) = postSolution
		SolutionGuid = {961808F8-BD3F-441B-B898-79388C7DC49D}
	EndGlobalSection
EndGlobal
